
Microsoft Visual Studio Solution File, Format Version 12.00
# Visual Studio Version 17
VisualStudioVersion = 17.12.35323.107
MinimumVisualStudioVersion = 10.0.40219.1
Project("{FAE04EC0-301F-11D3-BF4B-00C04F79EFBC}") = "MauiBlazorRadzen", "MauiBlazorRadzen.csproj", "{DD856F16-374D-4829-BB51-0B0C99EF7F2D}"
EndProject
Global
	GlobalSection(SolutionConfigurationPlatforms) = preSolution
		Debug|Any CPU = Debug|Any CPU
		Release|Any CPU = Release|Any CPU
	EndGlobalSection
	GlobalSection(ProjectConfigurationPlatforms) = postSolution
		{DD856F16-374D-4829-BB51-0B0C99EF7F2D}.Debug|Any CPU.ActiveCfg = Debug|Any CPU
		{DD856F16-374D-4829-BB51-0B0C99EF7F2D}.Debug|Any CPU.Build.0 = Debug|Any CPU
		{DD856F16-374D-4829-BB51-0B0C99EF7F2D}.Debug|Any CPU.Deploy.0 = Debug|Any CPU
		{DD856F16-374D-4829-BB51-0B0C99EF7F2D}.Release|Any CPU.ActiveCfg = Release|Any CPU
		{DD856F16-374D-4829-BB51-0B0C99EF7F2D}.Release|Any CPU.Build.0 = Release|Any CPU
	EndGlobalSection
	GlobalSection(SolutionProperties) = preSolution
		HideSolutionNode = FALSE
	EndGlobalSection
	GlobalSection(ExtensibilityGlobals) = postSolution
		SolutionGuid = {F97765F0-D311-4978-8FBA-1975F11371F3}
	EndGlobalSection
EndGlobal
